
Microsoft Visual Studio Solution File, Format Version 12.00
# Visual Studio Version 17
VisualStudioVersion = 17.5.002.0
MinimumVisualStudioVersion = 10.0.40219.1
Project("{9A19103F-16F7-4668-BE54-9A1E7A4F7556}") = "Task_1", "Task_1\Task_1.csproj", "{CA86611A-0A82-4945-99CA-2EA401140758}"
EndProject
Global
	GlobalSection(SolutionConfigurationPlatforms) = preSolution
		Debug|Any CPU = Debug|Any CPU
		Release|Any CPU = Release|Any CPU
	EndGlobalSection
	GlobalSection(ProjectConfigurationPlatforms) = postSolution
		{CA86611A-0A82-4945-99CA-2EA401140758}.Debug|Any CPU.ActiveCfg = Debug|Any CPU
		{CA86611A-0A82-4945-99CA-2EA401140758}.Debug|Any CPU.Build.0 = Debug|Any CPU
		{CA86611A-0A82-4945-99CA-2EA401140758}.Release|Any CPU.ActiveCfg = Release|Any CPU
		{CA86611A-0A82-4945-99CA-2EA401140758}.Release|Any CPU.Build.0 = Release|Any CPU
	EndGlobalSection
	GlobalSection(SolutionProperties) = preSolution
		HideSolutionNode = FALSE
	EndGlobalSection
	GlobalSection(ExtensibilityGlobals) = postSolution
		SolutionGuid = {EA43A22E-7F4B-41F3-8415-8C3F4B102C9D}
	EndGlobalSection
EndGlobal
